
Microsoft Visual Studio Solution File, Format Version 12.00
# Visual Studio Version 16
VisualStudioVersion = 16.0.28516.95
MinimumVisualStudioVersion = 10.0.40219.1
Project("{9A19103F-16F7-4668-BE54-9A1E7A4F7556}") = "CompareThis", "CompareThis\CompareThis.csproj", "{8A888F4A-458E-41EF-9C4B-0D3B653BD152}"
EndProject
Project("{FAE04EC0-301F-11D3-BF4B-00C04F79EFBC}") = "CompareThis.UnitTests", "CompareThis.UnitTests\CompareThis.UnitTests.csproj", "{D498A18F-E003-4390-B290-81DEFD28A8E6}"
EndProject
Project("{FAE04EC0-301F-11D3-BF4B-00C04F79EFBC}") = "CompareThis.Utilities", "CompareThis.Utilities\CompareThis.Utilities.csproj", "{EDD32C5A-8CF9-4F93-B169-2D2B2210EB48}"
EndProject
Global
	GlobalSection(SolutionConfigurationPlatforms) = preSolution
		Debug|Any CPU = Debug|Any CPU
		Release|Any CPU = Release|Any CPU
	EndGlobalSection
	GlobalSection(ProjectConfigurationPlatforms) = postSolution
		{8A888F4A-458E-41EF-9C4B-0D3B653BD152}.Debug|Any CPU.ActiveCfg = Debug|Any CPU
		{8A888F4A-458E-41EF-9C4B-0D3B653BD152}.Debug|Any CPU.Build.0 = Debug|Any CPU
		{8A888F4A-458E-41EF-9C4B-0D3B653BD152}.Release|Any CPU.ActiveCfg = Release|Any CPU
		{8A888F4A-458E-41EF-9C4B-0D3B653BD152}.Release|Any CPU.Build.0 = Release|Any CPU
		{D498A18F-E003-4390-B290-81DEFD28A8E6}.Debug|Any CPU.ActiveCfg = Debug|Any CPU
		{D498A18F-E003-4390-B290-81DEFD28A8E6}.Debug|Any CPU.Build.0 = Debug|Any CPU
		{D498A18F-E003-4390-B290-81DEFD28A8E6}.Release|Any CPU.ActiveCfg = Release|Any CPU
		{D498A18F-E003-4390-B290-81DEFD28A8E6}.Release|Any CPU.Build.0 = Release|Any CPU
		{EDD32C5A-8CF9-4F93-B169-2D2B2210EB48}.Debug|Any CPU.ActiveCfg = Debug|Any CPU
		{EDD32C5A-8CF9-4F93-B169-2D2B2210EB48}.Debug|Any CPU.Build.0 = Debug|Any CPU
		{EDD32C5A-8CF9-4F93-B169-2D2B2210EB48}.Release|Any CPU.ActiveCfg = Release|Any CPU
		{EDD32C5A-8CF9-4F93-B169-2D2B2210EB48}.Release|Any CPU.Build.0 = Release|Any CPU
	EndGlobalSection
	GlobalSection(SolutionProperties) = preSolution
		HideSolutionNode = FALSE
	EndGlobalSection
	GlobalSection(ExtensibilityGlobals) = postSolution
		SolutionGuid = {FF546184-E1C3-4C84-82B2-AF69EBF317D3}
	EndGlobalSection
EndGlobal
